lockfileVersion: '9.0'

settings:
  autoInstallPeers: true
  excludeLinksFromLockfile: false

importers:

  .:
    dependencies:
      chroma-js:
        specifier: ^3.1.2
        version: 3.1.2

packages:

  chroma-js@3.1.2:
    resolution: {integrity: sha512-IJnETTalXbsLx1eKEgx19d5L6SRM7cH4vINw/99p/M11HCuXGRWL+6YmCm7FWFGIo6dtWuQoQi1dc5yQ7ESIHg==}

snapshots:

  chroma-js@3.1.2: {}
